
Microsoft Visual Studio Solution File, Format Version 12.00
# Visual Studio 15
VisualStudioVersion = 15.0.26124.0
MinimumVisualStudioVersion = 15.0.26124.0
Project("{FAE04EC0-301F-11D3-BF4B-00C04F79EFBC}") = "Crnc.Oms.Security.WebApi", "src\Crnc.Oms.Security\Crnc.Oms.Security.WebApi\Crnc.Oms.Security.WebApi.csproj", "{519EE645-8AE7-4D83-9C40-26B4832C59EA}"
EndProject
Project("{FAE04EC0-301F-11D3-BF4B-00C04F79EFBC}") = "Crnc.Oms.Security.Domain", "src\Crnc.Oms.Security\Crnc.Oms.Security.Domain\Crnc.Oms.Security.Domain.csproj", "{B9F66CEF-403C-4A13-BEB9-40CA1DB91909}"
EndProject
Project("{EEA76D2F-B3C8-4DE0-8B07-CE3C728A4BED}") = "Crnc.Oms.Security.Infrastructure.DataAccess", "src\Crnc.Oms.Security\Crnc.Oms.Security.Infrastructure.DataAccess\Crnc.Oms.Security.Infrastructure.DataAccess.csproj", "{EEA76D2F-B3C8-4DE0-8B07-CE3C728A4BED}"
EndProject
Project("{FAE04EC0-301F-11D3-BF4B-00C04F79EFBC}") = "Crnc.Oms.Security.Infrastructure.CrossCutting", "src\Crnc.Oms.Security\Crnc.Oms.Security.Infrastructure.CrossCutting\Crnc.Oms.Security.Infrastructure.CrossCutting.csproj", "{FA50AB09-6DC5-4BF9-9CB1-86385B9FC379}"
EndProject
Project("{2150E333-8FDC-42A3-9474-1A3956D46DE8}") = "Crnc.Oms.Security", "Crnc.Oms.Security", "{E692D9FF-B199-4D8F-AFEE-64754E7ED8CF}"
EndProject
Project("{2150E333-8FDC-42A3-9474-1A3956D46DE8}") = "Crnc.Oms.Sales", "Crnc.Oms.Sales", "{178E65EE-FFA5-4330-B615-E19212B65FBF}"
EndProject
Project("{FAE04EC0-301F-11D3-BF4B-00C04F79EFBC}") = "Crnc.Oms.Sales.Domain", "src\Crnc.Oms.Sales\Crnc.Oms.Sales.Domain\Crnc.Oms.Sales.Domain.csproj", "{8F4000C8-CE14-4578-9161-A4601EE33C28}"
EndProject
Project("{FAE04EC0-301F-11D3-BF4B-00C04F79EFBC}") = "Crnc.Oms.Sales.DataAccess", "src\Crnc.Oms.Sales\Crnc.Oms.Sales.DataAccess\Crnc.Oms.Sales.DataAccess.csproj", "{525500CF-D5E2-4173-A694-29B586502E57}"
EndProject
Project("{FAE04EC0-301F-11D3-BF4B-00C04F79EFBC}") = "Crnc.Oms.Sales.Application", "src\Crnc.Oms.Sales\Crnc.Oms.Sales.Application\Crnc.Oms.Sales.Application.csproj", "{CD1C31E1-DBE2-4D60-B63C-2B0E56422FB5}"
EndProject
Project("{FAE04EC0-301F-11D3-BF4B-00C04F79EFBC}") = "Crnc.Oms.Sales.WebApi", "src\Crnc.Oms.Sales\Crnc.Oms.Sales.WebApi\Crnc.Oms.Sales.WebApi.csproj", "{B93F2EE9-06E8-4027-ABA3-6F2F4BA11F62}"
EndProject
Project("{2150E333-8FDC-42A3-9474-1A3956D46DE8}") = "Crnc.Oms.Notification", "Crnc.Oms.Notification", "{1B92423C-805C-42B0-B785-DDBCFF181182}"
EndProject
Project("{2150E333-8FDC-42A3-9474-1A3956D46DE8}") = "Crnc.Oms.Notification.Gateway", "Crnc.Oms.Notification.Gateway", "{12285EC7-2580-4B6E-A826-02142C5FEED5}"
EndProject
Project("{2150E333-8FDC-42A3-9474-1A3956D46DE8}") = "Crnc.Oms.Notification.Email", "Crnc.Oms.Notification.Email", "{090241BF-B244-4EA0-AFB5-228F44808E7F}"
EndProject
Project("{2150E333-8FDC-42A3-9474-1A3956D46DE8}") = "Crnc.Oms.Notification.Push", "Crnc.Oms.Notification.Push", "{00185D8A-A1FF-4D55-9C50-8790E513E7E2}"
EndProject
Project("{FAE04EC0-301F-11D3-BF4B-00C04F79EFBC}") = "Crnc.Oms.Notification.Email.WebApi", "src\Crnc.Oms.Notification\Crnc.Oms.Notification.Email\Crnc.Oms.Notification.Email.WebApi\Crnc.Oms.Notification.Email.WebApi.csproj", "{49F085AD-912A-4D2C-8EA7-CC911577B7DE}"
EndProject
Project("{FAE04EC0-301F-11D3-BF4B-00C04F79EFBC}") = "Crnc.Oms.Notification.Email.Integration", "src\Crnc.Oms.Notification\Crnc.Oms.Notification.Email\Crnc.Oms.Notification.Email.Integration\Crnc.Oms.Notification.Email.Integration.csproj", "{04AD422C-5126-467B-8705-DBAB6883CCD7}"
EndProject
Project("{FAE04EC0-301F-11D3-BF4B-00C04F79EFBC}") = "Crnc.Oms.Notification.Email.Application", "src\Crnc.Oms.Notification\Crnc.Oms.Notification.Email\Crnc.Oms.Notification.Email.Application\Crnc.Oms.Notification.Email.Application.csproj", "{DD28BDB2-F607-4D98-A9E8-7AA45A2EB304}"
EndProject
Project("{FAE04EC0-301F-11D3-BF4B-00C04F79EFBC}") = "Crnc.Oms.Notifiation.Gateway.Integration", "src\Crnc.Oms.Notification\Crnc.Oms.Notification.Gateway\Crnc.Oms.Notifiation.Gateway.Integration\Crnc.Oms.Notifiation.Gateway.Integration.csproj", "{6B14FB02-CDB1-4D5C-8734-A5C86595CCBA}"
EndProject
Project("{FAE04EC0-301F-11D3-BF4B-00C04F79EFBC}") = "Crnc.Oms.Notification.Gateway.Application", "src\Crnc.Oms.Notification\Crnc.Oms.Notification.Gateway\Crnc.Oms.Notification.Gateway.Application\Crnc.Oms.Notification.Gateway.Application.csproj", "{498313BF-E7A3-47B0-A3C4-C00FE58473D0}"
EndProject
Project("{FAE04EC0-301F-11D3-BF4B-00C04F79EFBC}") = "Crnc.Oms.Notification.Gateway.WebApi", "src\Crnc.Oms.Notification\Crnc.Oms.Notification.Gateway\Crnc.Oms.Notification.Gateway.WebApi\Crnc.Oms.Notification.Gateway.WebApi.csproj", "{688567A1-F37C-4B50-AC13-9361265BA736}"
EndProject
Project("{FAE04EC0-301F-11D3-BF4B-00C04F79EFBC}") = "Crnc.Oms.Notification.Push.WebApi", "src\Crnc.Oms.Notification\Crnc.Oms.Notification.Push\Crnc.Oms.Notification.Push.WebApi\Crnc.Oms.Notification.Push.WebApi.csproj", "{B140D698-FF87-4DD1-A8EF-AF94B9519FE5}"
EndProject
Project("{FAE04EC0-301F-11D3-BF4B-00C04F79EFBC}") = "Crnc.Oms.Notification.Push.Application", "src\Crnc.Oms.Notification\Crnc.Oms.Notification.Push\Crnc.Oms.Notification.Push.Application\Crnc.Oms.Notification.Push.Application.csproj", "{5AAE6DE6-167A-4C7C-90D0-D817C8764710}"
EndProject
Project("{FAE04EC0-301F-11D3-BF4B-00C04F79EFBC}") = "Crnc.Oms.Notification.Push.Integration", "src\Crnc.Oms.Notification\Crnc.Oms.Notification.Push\Crnc.Oms.Notification.Push.Integration\Crnc.Oms.Notification.Push.Integration.csproj", "{ED2D5D96-C523-4A7D-9AF2-917598D55BF1}"
EndProject
Global
	GlobalSection(SolutionConfigurationPlatforms) = preSolution
		Debug|Any CPU = Debug|Any CPU
		Debug|x64 = Debug|x64
		Debug|x86 = Debug|x86
		Release|Any CPU = Release|Any CPU
		Release|x64 = Release|x64
		Release|x86 = Release|x86
	EndGlobalSection
	GlobalSection(SolutionProperties) = preSolution
		HideSolutionNode = FALSE
	EndGlobalSection
	GlobalSection(ProjectConfigurationPlatforms) = postSolution
		{519EE645-8AE7-4D83-9C40-26B4832C59EA}.Debug|Any CPU.ActiveCfg = Debug|Any CPU
		{519EE645-8AE7-4D83-9C40-26B4832C59EA}.Debug|Any CPU.Build.0 = Debug|Any CPU
		{519EE645-8AE7-4D83-9C40-26B4832C59EA}.Debug|x64.ActiveCfg = Debug|Any CPU
		{519EE645-8AE7-4D83-9C40-26B4832C59EA}.Debug|x64.Build.0 = Debug|Any CPU
		{519EE645-8AE7-4D83-9C40-26B4832C59EA}.Debug|x86.ActiveCfg = Debug|Any CPU
		{519EE645-8AE7-4D83-9C40-26B4832C59EA}.Debug|x86.Build.0 = Debug|Any CPU
		{519EE645-8AE7-4D83-9C40-26B4832C59EA}.Release|Any CPU.ActiveCfg = Release|Any CPU
		{519EE645-8AE7-4D83-9C40-26B4832C59EA}.Release|Any CPU.Build.0 = Release|Any CPU
		{519EE645-8AE7-4D83-9C40-26B4832C59EA}.Release|x64.ActiveCfg = Release|Any CPU
		{519EE645-8AE7-4D83-9C40-26B4832C59EA}.Release|x64.Build.0 = Release|Any CPU
		{519EE645-8AE7-4D83-9C40-26B4832C59EA}.Release|x86.ActiveCfg = Release|Any CPU
		{519EE645-8AE7-4D83-9C40-26B4832C59EA}.Release|x86.Build.0 = Release|Any CPU
		{B9F66CEF-403C-4A13-BEB9-40CA1DB91909}.Debug|Any CPU.ActiveCfg = Debug|Any CPU
		{B9F66CEF-403C-4A13-BEB9-40CA1DB91909}.Debug|Any CPU.Build.0 = Debug|Any CPU
		{B9F66CEF-403C-4A13-BEB9-40CA1DB91909}.Debug|x64.ActiveCfg = Debug|Any CPU
		{B9F66CEF-403C-4A13-BEB9-40CA1DB91909}.Debug|x64.Build.0 = Debug|Any CPU
		{B9F66CEF-403C-4A13-BEB9-40CA1DB91909}.Debug|x86.ActiveCfg = Debug|Any CPU
		{B9F66CEF-403C-4A13-BEB9-40CA1DB91909}.Debug|x86.Build.0 = Debug|Any CPU
		{B9F66CEF-403C-4A13-BEB9-40CA1DB91909}.Release|Any CPU.ActiveCfg = Release|Any CPU
		{B9F66CEF-403C-4A13-BEB9-40CA1DB91909}.Release|Any CPU.Build.0 = Release|Any CPU
		{B9F66CEF-403C-4A13-BEB9-40CA1DB91909}.Release|x64.ActiveCfg = Release|Any CPU
		{B9F66CEF-403C-4A13-BEB9-40CA1DB91909}.Release|x64.Build.0 = Release|Any CPU
		{B9F66CEF-403C-4A13-BEB9-40CA1DB91909}.Release|x86.ActiveCfg = Release|Any CPU
		{B9F66CEF-403C-4A13-BEB9-40CA1DB91909}.Release|x86.Build.0 = Release|Any CPU
		{FA50AB09-6DC5-4BF9-9CB1-86385B9FC379}.Debug|Any CPU.ActiveCfg = Debug|Any CPU
		{FA50AB09-6DC5-4BF9-9CB1-86385B9FC379}.Debug|Any CPU.Build.0 = Debug|Any CPU
		{FA50AB09-6DC5-4BF9-9CB1-86385B9FC379}.Debug|x64.ActiveCfg = Debug|Any CPU
		{FA50AB09-6DC5-4BF9-9CB1-86385B9FC379}.Debug|x64.Build.0 = Debug|Any CPU
		{FA50AB09-6DC5-4BF9-9CB1-86385B9FC379}.Debug|x86.ActiveCfg = Debug|Any CPU
		{FA50AB09-6DC5-4BF9-9CB1-86385B9FC379}.Debug|x86.Build.0 = Debug|Any CPU
		{FA50AB09-6DC5-4BF9-9CB1-86385B9FC379}.Release|Any CPU.ActiveCfg = Release|Any CPU
		{FA50AB09-6DC5-4BF9-9CB1-86385B9FC379}.Release|Any CPU.Build.0 = Release|Any CPU
		{FA50AB09-6DC5-4BF9-9CB1-86385B9FC379}.Release|x64.ActiveCfg = Release|Any CPU
		{FA50AB09-6DC5-4BF9-9CB1-86385B9FC379}.Release|x64.Build.0 = Release|Any CPU
		{FA50AB09-6DC5-4BF9-9CB1-86385B9FC379}.Release|x86.ActiveCfg = Release|Any CPU
		{FA50AB09-6DC5-4BF9-9CB1-86385B9FC379}.Release|x86.Build.0 = Release|Any CPU
		{8F4000C8-CE14-4578-9161-A4601EE33C28}.Debug|Any CPU.ActiveCfg = Debug|Any CPU
		{8F4000C8-CE14-4578-9161-A4601EE33C28}.Debug|Any CPU.Build.0 = Debug|Any CPU
		{8F4000C8-CE14-4578-9161-A4601EE33C28}.Debug|x64.ActiveCfg = Debug|Any CPU
		{8F4000C8-CE14-4578-9161-A4601EE33C28}.Debug|x64.Build.0 = Debug|Any CPU
		{8F4000C8-CE14-4578-9161-A4601EE33C28}.Debug|x86.ActiveCfg = Debug|Any CPU
		{8F4000C8-CE14-4578-9161-A4601EE33C28}.Debug|x86.Build.0 = Debug|Any CPU
		{8F4000C8-CE14-4578-9161-A4601EE33C28}.Release|Any CPU.ActiveCfg = Release|Any CPU
		{8F4000C8-CE14-4578-9161-A4601EE33C28}.Release|Any CPU.Build.0 = Release|Any CPU
		{8F4000C8-CE14-4578-9161-A4601EE33C28}.Release|x64.ActiveCfg = Release|Any CPU
		{8F4000C8-CE14-4578-9161-A4601EE33C28}.Release|x64.Build.0 = Release|Any CPU
		{8F4000C8-CE14-4578-9161-A4601EE33C28}.Release|x86.ActiveCfg = Release|Any CPU
		{8F4000C8-CE14-4578-9161-A4601EE33C28}.Release|x86.Build.0 = Release|Any CPU
		{525500CF-D5E2-4173-A694-29B586502E57}.Debug|Any CPU.ActiveCfg = Debug|Any CPU
		{525500CF-D5E2-4173-A694-29B586502E57}.Debug|Any CPU.Build.0 = Debug|Any CPU
		{525500CF-D5E2-4173-A694-29B586502E57}.Debug|x64.ActiveCfg = Debug|Any CPU
		{525500CF-D5E2-4173-A694-29B586502E57}.Debug|x64.Build.0 = Debug|Any CPU
		{525500CF-D5E2-4173-A694-29B586502E57}.Debug|x86.ActiveCfg = Debug|Any CPU
		{525500CF-D5E2-4173-A694-29B586502E57}.Debug|x86.Build.0 = Debug|Any CPU
		{525500CF-D5E2-4173-A694-29B586502E57}.Release|Any CPU.ActiveCfg = Release|Any CPU
		{525500CF-D5E2-4173-A694-29B586502E57}.Release|Any CPU.Build.0 = Release|Any CPU
		{525500CF-D5E2-4173-A694-29B586502E57}.Release|x64.ActiveCfg = Release|Any CPU
		{525500CF-D5E2-4173-A694-29B586502E57}.Release|x64.Build.0 = Release|Any CPU
		{525500CF-D5E2-4173-A694-29B586502E57}.Release|x86.ActiveCfg = Release|Any CPU
		{525500CF-D5E2-4173-A694-29B586502E57}.Release|x86.Build.0 = Release|Any CPU
		{CD1C31E1-DBE2-4D60-B63C-2B0E56422FB5}.Debug|Any CPU.ActiveCfg = Debug|Any CPU
		{CD1C31E1-DBE2-4D60-B63C-2B0E56422FB5}.Debug|Any CPU.Build.0 = Debug|Any CPU
		{CD1C31E1-DBE2-4D60-B63C-2B0E56422FB5}.Debug|x64.ActiveCfg = Debug|Any CPU
		{CD1C31E1-DBE2-4D60-B63C-2B0E56422FB5}.Debug|x64.Build.0 = Debug|Any CPU
		{CD1C31E1-DBE2-4D60-B63C-2B0E56422FB5}.Debug|x86.ActiveCfg = Debug|Any CPU
		{CD1C31E1-DBE2-4D60-B63C-2B0E56422FB5}.Debug|x86.Build.0 = Debug|Any CPU
		{CD1C31E1-DBE2-4D60-B63C-2B0E56422FB5}.Release|Any CPU.ActiveCfg = Release|Any CPU
		{CD1C31E1-DBE2-4D60-B63C-2B0E56422FB5}.Release|Any CPU.Build.0 = Release|Any CPU
		{CD1C31E1-DBE2-4D60-B63C-2B0E56422FB5}.Release|x64.ActiveCfg = Release|Any CPU
		{CD1C31E1-DBE2-4D60-B63C-2B0E56422FB5}.Release|x64.Build.0 = Release|Any CPU
		{CD1C31E1-DBE2-4D60-B63C-2B0E56422FB5}.Release|x86.ActiveCfg = Release|Any CPU
		{CD1C31E1-DBE2-4D60-B63C-2B0E56422FB5}.Release|x86.Build.0 = Release|Any CPU
		{B93F2EE9-06E8-4027-ABA3-6F2F4BA11F62}.Debug|Any CPU.ActiveCfg = Debug|Any CPU
		{B93F2EE9-06E8-4027-ABA3-6F2F4BA11F62}.Debug|Any CPU.Build.0 = Debug|Any CPU
		{B93F2EE9-06E8-4027-ABA3-6F2F4BA11F62}.Debug|x64.ActiveCfg = Debug|Any CPU
		{B93F2EE9-06E8-4027-ABA3-6F2F4BA11F62}.Debug|x64.Build.0 = Debug|Any CPU
		{B93F2EE9-06E8-4027-ABA3-6F2F4BA11F62}.Debug|x86.ActiveCfg = Debug|Any CPU
		{B93F2EE9-06E8-4027-ABA3-6F2F4BA11F62}.Debug|x86.Build.0 = Debug|Any CPU
		{B93F2EE9-06E8-4027-ABA3-6F2F4BA11F62}.Release|Any CPU.ActiveCfg = Release|Any CPU
		{B93F2EE9-06E8-4027-ABA3-6F2F4BA11F62}.Release|Any CPU.Build.0 = Release|Any CPU
		{B93F2EE9-06E8-4027-ABA3-6F2F4BA11F62}.Release|x64.ActiveCfg = Release|Any CPU
		{B93F2EE9-06E8-4027-ABA3-6F2F4BA11F62}.Release|x64.Build.0 = Release|Any CPU
		{B93F2EE9-06E8-4027-ABA3-6F2F4BA11F62}.Release|x86.ActiveCfg = Release|Any CPU
		{B93F2EE9-06E8-4027-ABA3-6F2F4BA11F62}.Release|x86.Build.0 = Release|Any CPU
		{EEA76D2F-B3C8-4DE0-8B07-CE3C728A4BED}.Debug|Any CPU.ActiveCfg = Debug|Any CPU
		{EEA76D2F-B3C8-4DE0-8B07-CE3C728A4BED}.Debug|Any CPU.Build.0 = Debug|Any CPU
		{49F085AD-912A-4D2C-8EA7-CC911577B7DE}.Debug|Any CPU.ActiveCfg = Debug|Any CPU
		{49F085AD-912A-4D2C-8EA7-CC911577B7DE}.Debug|Any CPU.Build.0 = Debug|Any CPU
		{49F085AD-912A-4D2C-8EA7-CC911577B7DE}.Debug|x64.ActiveCfg = Debug|Any CPU
		{49F085AD-912A-4D2C-8EA7-CC911577B7DE}.Debug|x64.Build.0 = Debug|Any CPU
		{49F085AD-912A-4D2C-8EA7-CC911577B7DE}.Debug|x86.ActiveCfg = Debug|Any CPU
		{49F085AD-912A-4D2C-8EA7-CC911577B7DE}.Debug|x86.Build.0 = Debug|Any CPU
		{49F085AD-912A-4D2C-8EA7-CC911577B7DE}.Release|Any CPU.ActiveCfg = Release|Any CPU
		{49F085AD-912A-4D2C-8EA7-CC911577B7DE}.Release|Any CPU.Build.0 = Release|Any CPU
		{49F085AD-912A-4D2C-8EA7-CC911577B7DE}.Release|x64.ActiveCfg = Release|Any CPU
		{49F085AD-912A-4D2C-8EA7-CC911577B7DE}.Release|x64.Build.0 = Release|Any CPU
		{49F085AD-912A-4D2C-8EA7-CC911577B7DE}.Release|x86.ActiveCfg = Release|Any CPU
		{49F085AD-912A-4D2C-8EA7-CC911577B7DE}.Release|x86.Build.0 = Release|Any CPU
		{04AD422C-5126-467B-8705-DBAB6883CCD7}.Debug|Any CPU.ActiveCfg = Debug|Any CPU
		{04AD422C-5126-467B-8705-DBAB6883CCD7}.Debug|Any CPU.Build.0 = Debug|Any CPU
		{04AD422C-5126-467B-8705-DBAB6883CCD7}.Debug|x64.ActiveCfg = Debug|Any CPU
		{04AD422C-5126-467B-8705-DBAB6883CCD7}.Debug|x64.Build.0 = Debug|Any CPU
		{04AD422C-5126-467B-8705-DBAB6883CCD7}.Debug|x86.ActiveCfg = Debug|Any CPU
		{04AD422C-5126-467B-8705-DBAB6883CCD7}.Debug|x86.Build.0 = Debug|Any CPU
		{04AD422C-5126-467B-8705-DBAB6883CCD7}.Release|Any CPU.ActiveCfg = Release|Any CPU
		{04AD422C-5126-467B-8705-DBAB6883CCD7}.Release|Any CPU.Build.0 = Release|Any CPU
		{04AD422C-5126-467B-8705-DBAB6883CCD7}.Release|x64.ActiveCfg = Release|Any CPU
		{04AD422C-5126-467B-8705-DBAB6883CCD7}.Release|x64.Build.0 = Release|Any CPU
		{04AD422C-5126-467B-8705-DBAB6883CCD7}.Release|x86.ActiveCfg = Release|Any CPU
		{04AD422C-5126-467B-8705-DBAB6883CCD7}.Release|x86.Build.0 = Release|Any CPU
		{DD28BDB2-F607-4D98-A9E8-7AA45A2EB304}.Debug|Any CPU.ActiveCfg = Debug|Any CPU
		{DD28BDB2-F607-4D98-A9E8-7AA45A2EB304}.Debug|Any CPU.Build.0 = Debug|Any CPU
		{DD28BDB2-F607-4D98-A9E8-7AA45A2EB304}.Debug|x64.ActiveCfg = Debug|Any CPU
		{DD28BDB2-F607-4D98-A9E8-7AA45A2EB304}.Debug|x64.Build.0 = Debug|Any CPU
		{DD28BDB2-F607-4D98-A9E8-7AA45A2EB304}.Debug|x86.ActiveCfg = Debug|Any CPU
		{DD28BDB2-F607-4D98-A9E8-7AA45A2EB304}.Debug|x86.Build.0 = Debug|Any CPU
		{DD28BDB2-F607-4D98-A9E8-7AA45A2EB304}.Release|Any CPU.ActiveCfg = Release|Any CPU
		{DD28BDB2-F607-4D98-A9E8-7AA45A2EB304}.Release|Any CPU.Build.0 = Release|Any CPU
		{DD28BDB2-F607-4D98-A9E8-7AA45A2EB304}.Release|x64.ActiveCfg = Release|Any CPU
		{DD28BDB2-F607-4D98-A9E8-7AA45A2EB304}.Release|x64.Build.0 = Release|Any CPU
		{DD28BDB2-F607-4D98-A9E8-7AA45A2EB304}.Release|x86.ActiveCfg = Release|Any CPU
		{DD28BDB2-F607-4D98-A9E8-7AA45A2EB304}.Release|x86.Build.0 = Release|Any CPU
		{6B14FB02-CDB1-4D5C-8734-A5C86595CCBA}.Debug|Any CPU.ActiveCfg = Debug|Any CPU
		{6B14FB02-CDB1-4D5C-8734-A5C86595CCBA}.Debug|Any CPU.Build.0 = Debug|Any CPU
		{6B14FB02-CDB1-4D5C-8734-A5C86595CCBA}.Debug|x64.ActiveCfg = Debug|Any CPU
		{6B14FB02-CDB1-4D5C-8734-A5C86595CCBA}.Debug|x64.Build.0 = Debug|Any CPU
		{6B14FB02-CDB1-4D5C-8734-A5C86595CCBA}.Debug|x86.ActiveCfg = Debug|Any CPU
		{6B14FB02-CDB1-4D5C-8734-A5C86595CCBA}.Debug|x86.Build.0 = Debug|Any CPU
		{6B14FB02-CDB1-4D5C-8734-A5C86595CCBA}.Release|Any CPU.ActiveCfg = Release|Any CPU
		{6B14FB02-CDB1-4D5C-8734-A5C86595CCBA}.Release|Any CPU.Build.0 = Release|Any CPU
		{6B14FB02-CDB1-4D5C-8734-A5C86595CCBA}.Release|x64.ActiveCfg = Release|Any CPU
		{6B14FB02-CDB1-4D5C-8734-A5C86595CCBA}.Release|x64.Build.0 = Release|Any CPU
		{6B14FB02-CDB1-4D5C-8734-A5C86595CCBA}.Release|x86.ActiveCfg = Release|Any CPU
		{6B14FB02-CDB1-4D5C-8734-A5C86595CCBA}.Release|x86.Build.0 = Release|Any CPU
		{498313BF-E7A3-47B0-A3C4-C00FE58473D0}.Debug|Any CPU.ActiveCfg = Debug|Any CPU
		{498313BF-E7A3-47B0-A3C4-C00FE58473D0}.Debug|Any CPU.Build.0 = Debug|Any CPU
		{498313BF-E7A3-47B0-A3C4-C00FE58473D0}.Debug|x64.ActiveCfg = Debug|Any CPU
		{498313BF-E7A3-47B0-A3C4-C00FE58473D0}.Debug|x64.Build.0 = Debug|Any CPU
		{498313BF-E7A3-47B0-A3C4-C00FE58473D0}.Debug|x86.ActiveCfg = Debug|Any CPU
		{498313BF-E7A3-47B0-A3C4-C00FE58473D0}.Debug|x86.Build.0 = Debug|Any CPU
		{498313BF-E7A3-47B0-A3C4-C00FE58473D0}.Release|Any CPU.ActiveCfg = Release|Any CPU
		{498313BF-E7A3-47B0-A3C4-C00FE58473D0}.Release|Any CPU.Build.0 = Release|Any CPU
		{498313BF-E7A3-47B0-A3C4-C00FE58473D0}.Release|x64.ActiveCfg = Release|Any CPU
		{498313BF-E7A3-47B0-A3C4-C00FE58473D0}.Release|x64.Build.0 = Release|Any CPU
		{498313BF-E7A3-47B0-A3C4-C00FE58473D0}.Release|x86.ActiveCfg = Release|Any CPU
		{498313BF-E7A3-47B0-A3C4-C00FE58473D0}.Release|x86.Build.0 = Release|Any CPU
		{688567A1-F37C-4B50-AC13-9361265BA736}.Debug|Any CPU.ActiveCfg = Debug|Any CPU
		{688567A1-F37C-4B50-AC13-9361265BA736}.Debug|Any CPU.Build.0 = Debug|Any CPU
		{688567A1-F37C-4B50-AC13-9361265BA736}.Debug|x64.ActiveCfg = Debug|Any CPU
		{688567A1-F37C-4B50-AC13-9361265BA736}.Debug|x64.Build.0 = Debug|Any CPU
		{688567A1-F37C-4B50-AC13-9361265BA736}.Debug|x86.ActiveCfg = Debug|Any CPU
		{688567A1-F37C-4B50-AC13-9361265BA736}.Debug|x86.Build.0 = Debug|Any CPU
		{688567A1-F37C-4B50-AC13-9361265BA736}.Release|Any CPU.ActiveCfg = Release|Any CPU
		{688567A1-F37C-4B50-AC13-9361265BA736}.Release|Any CPU.Build.0 = Release|Any CPU
		{688567A1-F37C-4B50-AC13-9361265BA736}.Release|x64.ActiveCfg = Release|Any CPU
		{688567A1-F37C-4B50-AC13-9361265BA736}.Release|x64.Build.0 = Release|Any CPU
		{688567A1-F37C-4B50-AC13-9361265BA736}.Release|x86.ActiveCfg = Release|Any CPU
		{688567A1-F37C-4B50-AC13-9361265BA736}.Release|x86.Build.0 = Release|Any CPU
		{B140D698-FF87-4DD1-A8EF-AF94B9519FE5}.Debug|Any CPU.ActiveCfg = Debug|Any CPU
		{B140D698-FF87-4DD1-A8EF-AF94B9519FE5}.Debug|Any CPU.Build.0 = Debug|Any CPU
		{B140D698-FF87-4DD1-A8EF-AF94B9519FE5}.Debug|x64.ActiveCfg = Debug|Any CPU
		{B140D698-FF87-4DD1-A8EF-AF94B9519FE5}.Debug|x64.Build.0 = Debug|Any CPU
		{B140D698-FF87-4DD1-A8EF-AF94B9519FE5}.Debug|x86.ActiveCfg = Debug|Any CPU
		{B140D698-FF87-4DD1-A8EF-AF94B9519FE5}.Debug|x86.Build.0 = Debug|Any CPU
		{B140D698-FF87-4DD1-A8EF-AF94B9519FE5}.Release|Any CPU.ActiveCfg = Release|Any CPU
		{B140D698-FF87-4DD1-A8EF-AF94B9519FE5}.Release|Any CPU.Build.0 = Release|Any CPU
		{B140D698-FF87-4DD1-A8EF-AF94B9519FE5}.Release|x64.ActiveCfg = Release|Any CPU
		{B140D698-FF87-4DD1-A8EF-AF94B9519FE5}.Release|x64.Build.0 = Release|Any CPU
		{B140D698-FF87-4DD1-A8EF-AF94B9519FE5}.Release|x86.ActiveCfg = Release|Any CPU
		{B140D698-FF87-4DD1-A8EF-AF94B9519FE5}.Release|x86.Build.0 = Release|Any CPU
		{5AAE6DE6-167A-4C7C-90D0-D817C8764710}.Debug|Any CPU.ActiveCfg = Debug|Any CPU
		{5AAE6DE6-167A-4C7C-90D0-D817C8764710}.Debug|Any CPU.Build.0 = Debug|Any CPU
		{5AAE6DE6-167A-4C7C-90D0-D817C8764710}.Debug|x64.ActiveCfg = Debug|Any CPU
		{5AAE6DE6-167A-4C7C-90D0-D817C8764710}.Debug|x64.Build.0 = Debug|Any CPU
		{5AAE6DE6-167A-4C7C-90D0-D817C8764710}.Debug|x86.ActiveCfg = Debug|Any CPU
		{5AAE6DE6-167A-4C7C-90D0-D817C8764710}.Debug|x86.Build.0 = Debug|Any CPU
		{5AAE6DE6-167A-4C7C-90D0-D817C8764710}.Release|Any CPU.ActiveCfg = Release|Any CPU
		{5AAE6DE6-167A-4C7C-90D0-D817C8764710}.Release|Any CPU.Build.0 = Release|Any CPU
		{5AAE6DE6-167A-4C7C-90D0-D817C8764710}.Release|x64.ActiveCfg = Release|Any CPU
		{5AAE6DE6-167A-4C7C-90D0-D817C8764710}.Release|x64.Build.0 = Release|Any CPU
		{5AAE6DE6-167A-4C7C-90D0-D817C8764710}.Release|x86.ActiveCfg = Release|Any CPU
		{5AAE6DE6-167A-4C7C-90D0-D817C8764710}.Release|x86.Build.0 = Release|Any CPU
		{ED2D5D96-C523-4A7D-9AF2-917598D55BF1}.Debug|Any CPU.ActiveCfg = Debug|Any CPU
		{ED2D5D96-C523-4A7D-9AF2-917598D55BF1}.Debug|Any CPU.Build.0 = Debug|Any CPU
		{ED2D5D96-C523-4A7D-9AF2-917598D55BF1}.Debug|x64.ActiveCfg = Debug|Any CPU
		{ED2D5D96-C523-4A7D-9AF2-917598D55BF1}.Debug|x64.Build.0 = Debug|Any CPU
		{ED2D5D96-C523-4A7D-9AF2-917598D55BF1}.Debug|x86.ActiveCfg = Debug|Any CPU
		{ED2D5D96-C523-4A7D-9AF2-917598D55BF1}.Debug|x86.Build.0 = Debug|Any CPU
		{ED2D5D96-C523-4A7D-9AF2-917598D55BF1}.Release|Any CPU.ActiveCfg = Release|Any CPU
		{ED2D5D96-C523-4A7D-9AF2-917598D55BF1}.Release|Any CPU.Build.0 = Release|Any CPU
		{ED2D5D96-C523-4A7D-9AF2-917598D55BF1}.Release|x64.ActiveCfg = Release|Any CPU
		{ED2D5D96-C523-4A7D-9AF2-917598D55BF1}.Release|x64.Build.0 = Release|Any CPU
		{ED2D5D96-C523-4A7D-9AF2-917598D55BF1}.Release|x86.ActiveCfg = Release|Any CPU
		{ED2D5D96-C523-4A7D-9AF2-917598D55BF1}.Release|x86.Build.0 = Release|Any CPU
	EndGlobalSection
	GlobalSection(NestedProjects) = preSolution
		{B9F66CEF-403C-4A13-BEB9-40CA1DB91909} = {E692D9FF-B199-4D8F-AFEE-64754E7ED8CF}
		{FA50AB09-6DC5-4BF9-9CB1-86385B9FC379} = {E692D9FF-B199-4D8F-AFEE-64754E7ED8CF}
		{519EE645-8AE7-4D83-9C40-26B4832C59EA} = {E692D9FF-B199-4D8F-AFEE-64754E7ED8CF}
		{8F4000C8-CE14-4578-9161-A4601EE33C28} = {178E65EE-FFA5-4330-B615-E19212B65FBF}
		{525500CF-D5E2-4173-A694-29B586502E57} = {178E65EE-FFA5-4330-B615-E19212B65FBF}
		{CD1C31E1-DBE2-4D60-B63C-2B0E56422FB5} = {178E65EE-FFA5-4330-B615-E19212B65FBF}
		{B93F2EE9-06E8-4027-ABA3-6F2F4BA11F62} = {178E65EE-FFA5-4330-B615-E19212B65FBF}
		{EEA76D2F-B3C8-4DE0-8B07-CE3C728A4BED} = {E692D9FF-B199-4D8F-AFEE-64754E7ED8CF}
		{12285EC7-2580-4B6E-A826-02142C5FEED5} = {1B92423C-805C-42B0-B785-DDBCFF181182}
		{090241BF-B244-4EA0-AFB5-228F44808E7F} = {1B92423C-805C-42B0-B785-DDBCFF181182}
		{00185D8A-A1FF-4D55-9C50-8790E513E7E2} = {1B92423C-805C-42B0-B785-DDBCFF181182}
		{49F085AD-912A-4D2C-8EA7-CC911577B7DE} = {090241BF-B244-4EA0-AFB5-228F44808E7F}
		{04AD422C-5126-467B-8705-DBAB6883CCD7} = {090241BF-B244-4EA0-AFB5-228F44808E7F}
		{DD28BDB2-F607-4D98-A9E8-7AA45A2EB304} = {090241BF-B244-4EA0-AFB5-228F44808E7F}
		{6B14FB02-CDB1-4D5C-8734-A5C86595CCBA} = {12285EC7-2580-4B6E-A826-02142C5FEED5}
		{498313BF-E7A3-47B0-A3C4-C00FE58473D0} = {12285EC7-2580-4B6E-A826-02142C5FEED5}
		{688567A1-F37C-4B50-AC13-9361265BA736} = {12285EC7-2580-4B6E-A826-02142C5FEED5}
		{B140D698-FF87-4DD1-A8EF-AF94B9519FE5} = {00185D8A-A1FF-4D55-9C50-8790E513E7E2}
		{5AAE6DE6-167A-4C7C-90D0-D817C8764710} = {00185D8A-A1FF-4D55-9C50-8790E513E7E2}
		{ED2D5D96-C523-4A7D-9AF2-917598D55BF1} = {00185D8A-A1FF-4D55-9C50-8790E513E7E2}
	EndGlobalSection
EndGlobal
