
Microsoft Visual Studio Solution File, Format Version 12.00
# Visual Studio 15
VisualStudioVersion = 15.0.26124.0
MinimumVisualStudioVersion = 15.0.26124.0
Project("{2150E333-8FDC-42A3-9474-1A3956D46DE8}") = "Crnc.Oms.Notification.Gateway", "Crnc.Oms.Notification.Gateway", "{02AB64EC-B070-42DC-BB55-67DC29A4DB0E}"
EndProject
Project("{FAE04EC0-301F-11D3-BF4B-00C04F79EFBC}") = "Crnc.Oms.Notification.Gateway.WebApi", "Crnc.Oms.Notification.Gateway\Crnc.Oms.Notification.Gateway.WebApi\Crnc.Oms.Notification.Gateway.WebApi.csproj", "{DC03E471-7636-4DB7-B4B8-81297CA6DBDA}"
EndProject
Project("{FAE04EC0-301F-11D3-BF4B-00C04F79EFBC}") = "Crnc.Oms.Notification.Gateway.Application", "Crnc.Oms.Notification.Gateway\Crnc.Oms.Notification.Gateway.Application\Crnc.Oms.Notification.Gateway.Application.csproj", "{2C472C6C-C8F7-4D76-A969-43723178186E}"
EndProject
Project("{FAE04EC0-301F-11D3-BF4B-00C04F79EFBC}") = "Crnc.Oms.Notifiation.Gateway.Integration", "Crnc.Oms.Notification.Gateway\Crnc.Oms.Notifiation.Gateway.Integration\Crnc.Oms.Notifiation.Gateway.Integration.csproj", "{961ED579-C1EF-4F24-AF72-66C73C2F1733}"
EndProject
Global
	GlobalSection(SolutionConfigurationPlatforms) = preSolution
		Debug|Any CPU = Debug|Any CPU
		Debug|x64 = Debug|x64
		Debug|x86 = Debug|x86
		Release|Any CPU = Release|Any CPU
		Release|x64 = Release|x64
		Release|x86 = Release|x86
	EndGlobalSection
	GlobalSection(SolutionProperties) = preSolution
		HideSolutionNode = FALSE
	EndGlobalSection
	GlobalSection(NestedProjects) = preSolution
		{DC03E471-7636-4DB7-B4B8-81297CA6DBDA} = {02AB64EC-B070-42DC-BB55-67DC29A4DB0E}
		{2C472C6C-C8F7-4D76-A969-43723178186E} = {02AB64EC-B070-42DC-BB55-67DC29A4DB0E}
		{961ED579-C1EF-4F24-AF72-66C73C2F1733} = {02AB64EC-B070-42DC-BB55-67DC29A4DB0E}
	EndGlobalSection
	GlobalSection(ProjectConfigurationPlatforms) = postSolution
		{DC03E471-7636-4DB7-B4B8-81297CA6DBDA}.Debug|Any CPU.ActiveCfg = Debug|Any CPU
		{DC03E471-7636-4DB7-B4B8-81297CA6DBDA}.Debug|Any CPU.Build.0 = Debug|Any CPU
		{DC03E471-7636-4DB7-B4B8-81297CA6DBDA}.Debug|x64.ActiveCfg = Debug|Any CPU
		{DC03E471-7636-4DB7-B4B8-81297CA6DBDA}.Debug|x64.Build.0 = Debug|Any CPU
		{DC03E471-7636-4DB7-B4B8-81297CA6DBDA}.Debug|x86.ActiveCfg = Debug|Any CPU
		{DC03E471-7636-4DB7-B4B8-81297CA6DBDA}.Debug|x86.Build.0 = Debug|Any CPU
		{DC03E471-7636-4DB7-B4B8-81297CA6DBDA}.Release|Any CPU.ActiveCfg = Release|Any CPU
		{DC03E471-7636-4DB7-B4B8-81297CA6DBDA}.Release|Any CPU.Build.0 = Release|Any CPU
		{DC03E471-7636-4DB7-B4B8-81297CA6DBDA}.Release|x64.ActiveCfg = Release|Any CPU
		{DC03E471-7636-4DB7-B4B8-81297CA6DBDA}.Release|x64.Build.0 = Release|Any CPU
		{DC03E471-7636-4DB7-B4B8-81297CA6DBDA}.Release|x86.ActiveCfg = Release|Any CPU
		{DC03E471-7636-4DB7-B4B8-81297CA6DBDA}.Release|x86.Build.0 = Release|Any CPU
		{2C472C6C-C8F7-4D76-A969-43723178186E}.Debug|Any CPU.ActiveCfg = Debug|Any CPU
		{2C472C6C-C8F7-4D76-A969-43723178186E}.Debug|Any CPU.Build.0 = Debug|Any CPU
		{2C472C6C-C8F7-4D76-A969-43723178186E}.Debug|x64.ActiveCfg = Debug|Any CPU
		{2C472C6C-C8F7-4D76-A969-43723178186E}.Debug|x64.Build.0 = Debug|Any CPU
		{2C472C6C-C8F7-4D76-A969-43723178186E}.Debug|x86.ActiveCfg = Debug|Any CPU
		{2C472C6C-C8F7-4D76-A969-43723178186E}.Debug|x86.Build.0 = Debug|Any CPU
		{2C472C6C-C8F7-4D76-A969-43723178186E}.Release|Any CPU.ActiveCfg = Release|Any CPU
		{2C472C6C-C8F7-4D76-A969-43723178186E}.Release|Any CPU.Build.0 = Release|Any CPU
		{2C472C6C-C8F7-4D76-A969-43723178186E}.Release|x64.ActiveCfg = Release|Any CPU
		{2C472C6C-C8F7-4D76-A969-43723178186E}.Release|x64.Build.0 = Release|Any CPU
		{2C472C6C-C8F7-4D76-A969-43723178186E}.Release|x86.ActiveCfg = Release|Any CPU
		{2C472C6C-C8F7-4D76-A969-43723178186E}.Release|x86.Build.0 = Release|Any CPU
		{961ED579-C1EF-4F24-AF72-66C73C2F1733}.Debug|Any CPU.ActiveCfg = Debug|Any CPU
		{961ED579-C1EF-4F24-AF72-66C73C2F1733}.Debug|Any CPU.Build.0 = Debug|Any CPU
		{961ED579-C1EF-4F24-AF72-66C73C2F1733}.Debug|x64.ActiveCfg = Debug|Any CPU
		{961ED579-C1EF-4F24-AF72-66C73C2F1733}.Debug|x64.Build.0 = Debug|Any CPU
		{961ED579-C1EF-4F24-AF72-66C73C2F1733}.Debug|x86.ActiveCfg = Debug|Any CPU
		{961ED579-C1EF-4F24-AF72-66C73C2F1733}.Debug|x86.Build.0 = Debug|Any CPU
		{961ED579-C1EF-4F24-AF72-66C73C2F1733}.Release|Any CPU.ActiveCfg = Release|Any CPU
		{961ED579-C1EF-4F24-AF72-66C73C2F1733}.Release|Any CPU.Build.0 = Release|Any CPU
		{961ED579-C1EF-4F24-AF72-66C73C2F1733}.Release|x64.ActiveCfg = Release|Any CPU
		{961ED579-C1EF-4F24-AF72-66C73C2F1733}.Release|x64.Build.0 = Release|Any CPU
		{961ED579-C1EF-4F24-AF72-66C73C2F1733}.Release|x86.ActiveCfg = Release|Any CPU
		{961ED579-C1EF-4F24-AF72-66C73C2F1733}.Release|x86.Build.0 = Release|Any CPU
	EndGlobalSection
EndGlobal
