
Microsoft Visual Studio Solution File, Format Version 12.00
# Visual Studio 15
VisualStudioVersion = 15.0.26124.0
MinimumVisualStudioVersion = 15.0.26124.0
Project("{FAE04EC0-301F-11D3-BF4B-00C04F79EFBC}") = "Crnc.Oms.Security.WebApi", "Crnc.Oms.Security\Crnc.Oms.Security.WebApi\Crnc.Oms.Security.WebApi.csproj", "{519EE645-8AE7-4D83-9C40-26B4832C59EA}"
EndProject
Project("{FAE04EC0-301F-11D3-BF4B-00C04F79EFBC}") = "Crnc.Oms.Security.Domain", "Crnc.Oms.Security\Crnc.Oms.Security.Domain\Crnc.Oms.Security.Domain.csproj", "{B9F66CEF-403C-4A13-BEB9-40CA1DB91909}"
EndProject
Project("{EEA76D2F-B3C8-4DE0-8B07-CE3C728A4BED}") = "Crnc.Oms.Security.Infrastructure.DataAccess", "Crnc.Oms.Security\Crnc.Oms.Security.Infrastructure.DataAccess\Crnc.Oms.Security.Infrastructure.DataAccess.csproj", "{EEA76D2F-B3C8-4DE0-8B07-CE3C728A4BED}"
EndProject
Project("{FAE04EC0-301F-11D3-BF4B-00C04F79EFBC}") = "Crnc.Oms.Security.Infrastructure.CrossCutting", "Crnc.Oms.Security\Crnc.Oms.Security.Infrastructure.CrossCutting\Crnc.Oms.Security.Infrastructure.CrossCutting.csproj", "{FA50AB09-6DC5-4BF9-9CB1-86385B9FC379}"
EndProject
Project("{2150E333-8FDC-42A3-9474-1A3956D46DE8}") = "Crnc.Oms.Security", "Crnc.Oms.Security", "{E692D9FF-B199-4D8F-AFEE-64754E7ED8CF}"
EndProject
Project("{2150E333-8FDC-42A3-9474-1A3956D46DE8}") = "Crnc.Oms.Sales", "Crnc.Oms.Sales", "{178E65EE-FFA5-4330-B615-E19212B65FBF}"
EndProject
Project("{FAE04EC0-301F-11D3-BF4B-00C04F79EFBC}") = "Crnc.Oms.Sales.Domain", "Crnc.Oms.Sales\Crnc.Oms.Sales.Domain\Crnc.Oms.Sales.Domain.csproj", "{8F4000C8-CE14-4578-9161-A4601EE33C28}"
EndProject
Project("{FAE04EC0-301F-11D3-BF4B-00C04F79EFBC}") = "Crnc.Oms.Sales.DataAccess", "Crnc.Oms.Sales\Crnc.Oms.Sales.DataAccess\Crnc.Oms.Sales.DataAccess.csproj", "{525500CF-D5E2-4173-A694-29B586502E57}"
EndProject
Project("{FAE04EC0-301F-11D3-BF4B-00C04F79EFBC}") = "Crnc.Oms.Sales.Application", "Crnc.Oms.Sales\Crnc.Oms.Sales.Application\Crnc.Oms.Sales.Application.csproj", "{CD1C31E1-DBE2-4D60-B63C-2B0E56422FB5}"
EndProject
Project("{FAE04EC0-301F-11D3-BF4B-00C04F79EFBC}") = "Crnc.Oms.Sales.WebApi", "Crnc.Oms.Sales\Crnc.Oms.Sales.WebApi\Crnc.Oms.Sales.WebApi.csproj", "{B93F2EE9-06E8-4027-ABA3-6F2F4BA11F62}"
EndProject
Global
	GlobalSection(SolutionConfigurationPlatforms) = preSolution
		Debug|Any CPU = Debug|Any CPU
		Debug|x64 = Debug|x64
		Debug|x86 = Debug|x86
		Release|Any CPU = Release|Any CPU
		Release|x64 = Release|x64
		Release|x86 = Release|x86
	EndGlobalSection
	GlobalSection(SolutionProperties) = preSolution
		HideSolutionNode = FALSE
	EndGlobalSection
	GlobalSection(ProjectConfigurationPlatforms) = postSolution
		{519EE645-8AE7-4D83-9C40-26B4832C59EA}.Debug|Any CPU.ActiveCfg = Debug|Any CPU
		{519EE645-8AE7-4D83-9C40-26B4832C59EA}.Debug|Any CPU.Build.0 = Debug|Any CPU
		{519EE645-8AE7-4D83-9C40-26B4832C59EA}.Debug|x64.ActiveCfg = Debug|Any CPU
		{519EE645-8AE7-4D83-9C40-26B4832C59EA}.Debug|x64.Build.0 = Debug|Any CPU
		{519EE645-8AE7-4D83-9C40-26B4832C59EA}.Debug|x86.ActiveCfg = Debug|Any CPU
		{519EE645-8AE7-4D83-9C40-26B4832C59EA}.Debug|x86.Build.0 = Debug|Any CPU
		{519EE645-8AE7-4D83-9C40-26B4832C59EA}.Release|Any CPU.ActiveCfg = Release|Any CPU
		{519EE645-8AE7-4D83-9C40-26B4832C59EA}.Release|Any CPU.Build.0 = Release|Any CPU
		{519EE645-8AE7-4D83-9C40-26B4832C59EA}.Release|x64.ActiveCfg = Release|Any CPU
		{519EE645-8AE7-4D83-9C40-26B4832C59EA}.Release|x64.Build.0 = Release|Any CPU
		{519EE645-8AE7-4D83-9C40-26B4832C59EA}.Release|x86.ActiveCfg = Release|Any CPU
		{519EE645-8AE7-4D83-9C40-26B4832C59EA}.Release|x86.Build.0 = Release|Any CPU
		{B9F66CEF-403C-4A13-BEB9-40CA1DB91909}.Debug|Any CPU.ActiveCfg = Debug|Any CPU
		{B9F66CEF-403C-4A13-BEB9-40CA1DB91909}.Debug|Any CPU.Build.0 = Debug|Any CPU
		{B9F66CEF-403C-4A13-BEB9-40CA1DB91909}.Debug|x64.ActiveCfg = Debug|Any CPU
		{B9F66CEF-403C-4A13-BEB9-40CA1DB91909}.Debug|x64.Build.0 = Debug|Any CPU
		{B9F66CEF-403C-4A13-BEB9-40CA1DB91909}.Debug|x86.ActiveCfg = Debug|Any CPU
		{B9F66CEF-403C-4A13-BEB9-40CA1DB91909}.Debug|x86.Build.0 = Debug|Any CPU
		{B9F66CEF-403C-4A13-BEB9-40CA1DB91909}.Release|Any CPU.ActiveCfg = Release|Any CPU
		{B9F66CEF-403C-4A13-BEB9-40CA1DB91909}.Release|Any CPU.Build.0 = Release|Any CPU
		{B9F66CEF-403C-4A13-BEB9-40CA1DB91909}.Release|x64.ActiveCfg = Release|Any CPU
		{B9F66CEF-403C-4A13-BEB9-40CA1DB91909}.Release|x64.Build.0 = Release|Any CPU
		{B9F66CEF-403C-4A13-BEB9-40CA1DB91909}.Release|x86.ActiveCfg = Release|Any CPU
		{B9F66CEF-403C-4A13-BEB9-40CA1DB91909}.Release|x86.Build.0 = Release|Any CPU
		{FA50AB09-6DC5-4BF9-9CB1-86385B9FC379}.Debug|Any CPU.ActiveCfg = Debug|Any CPU
		{FA50AB09-6DC5-4BF9-9CB1-86385B9FC379}.Debug|Any CPU.Build.0 = Debug|Any CPU
		{FA50AB09-6DC5-4BF9-9CB1-86385B9FC379}.Debug|x64.ActiveCfg = Debug|Any CPU
		{FA50AB09-6DC5-4BF9-9CB1-86385B9FC379}.Debug|x64.Build.0 = Debug|Any CPU
		{FA50AB09-6DC5-4BF9-9CB1-86385B9FC379}.Debug|x86.ActiveCfg = Debug|Any CPU
		{FA50AB09-6DC5-4BF9-9CB1-86385B9FC379}.Debug|x86.Build.0 = Debug|Any CPU
		{FA50AB09-6DC5-4BF9-9CB1-86385B9FC379}.Release|Any CPU.ActiveCfg = Release|Any CPU
		{FA50AB09-6DC5-4BF9-9CB1-86385B9FC379}.Release|Any CPU.Build.0 = Release|Any CPU
		{FA50AB09-6DC5-4BF9-9CB1-86385B9FC379}.Release|x64.ActiveCfg = Release|Any CPU
		{FA50AB09-6DC5-4BF9-9CB1-86385B9FC379}.Release|x64.Build.0 = Release|Any CPU
		{FA50AB09-6DC5-4BF9-9CB1-86385B9FC379}.Release|x86.ActiveCfg = Release|Any CPU
		{FA50AB09-6DC5-4BF9-9CB1-86385B9FC379}.Release|x86.Build.0 = Release|Any CPU
		{8F4000C8-CE14-4578-9161-A4601EE33C28}.Debug|Any CPU.ActiveCfg = Debug|Any CPU
		{8F4000C8-CE14-4578-9161-A4601EE33C28}.Debug|Any CPU.Build.0 = Debug|Any CPU
		{8F4000C8-CE14-4578-9161-A4601EE33C28}.Debug|x64.ActiveCfg = Debug|Any CPU
		{8F4000C8-CE14-4578-9161-A4601EE33C28}.Debug|x64.Build.0 = Debug|Any CPU
		{8F4000C8-CE14-4578-9161-A4601EE33C28}.Debug|x86.ActiveCfg = Debug|Any CPU
		{8F4000C8-CE14-4578-9161-A4601EE33C28}.Debug|x86.Build.0 = Debug|Any CPU
		{8F4000C8-CE14-4578-9161-A4601EE33C28}.Release|Any CPU.ActiveCfg = Release|Any CPU
		{8F4000C8-CE14-4578-9161-A4601EE33C28}.Release|Any CPU.Build.0 = Release|Any CPU
		{8F4000C8-CE14-4578-9161-A4601EE33C28}.Release|x64.ActiveCfg = Release|Any CPU
		{8F4000C8-CE14-4578-9161-A4601EE33C28}.Release|x64.Build.0 = Release|Any CPU
		{8F4000C8-CE14-4578-9161-A4601EE33C28}.Release|x86.ActiveCfg = Release|Any CPU
		{8F4000C8-CE14-4578-9161-A4601EE33C28}.Release|x86.Build.0 = Release|Any CPU
		{525500CF-D5E2-4173-A694-29B586502E57}.Debug|Any CPU.ActiveCfg = Debug|Any CPU
		{525500CF-D5E2-4173-A694-29B586502E57}.Debug|Any CPU.Build.0 = Debug|Any CPU
		{525500CF-D5E2-4173-A694-29B586502E57}.Debug|x64.ActiveCfg = Debug|Any CPU
		{525500CF-D5E2-4173-A694-29B586502E57}.Debug|x64.Build.0 = Debug|Any CPU
		{525500CF-D5E2-4173-A694-29B586502E57}.Debug|x86.ActiveCfg = Debug|Any CPU
		{525500CF-D5E2-4173-A694-29B586502E57}.Debug|x86.Build.0 = Debug|Any CPU
		{525500CF-D5E2-4173-A694-29B586502E57}.Release|Any CPU.ActiveCfg = Release|Any CPU
		{525500CF-D5E2-4173-A694-29B586502E57}.Release|Any CPU.Build.0 = Release|Any CPU
		{525500CF-D5E2-4173-A694-29B586502E57}.Release|x64.ActiveCfg = Release|Any CPU
		{525500CF-D5E2-4173-A694-29B586502E57}.Release|x64.Build.0 = Release|Any CPU
		{525500CF-D5E2-4173-A694-29B586502E57}.Release|x86.ActiveCfg = Release|Any CPU
		{525500CF-D5E2-4173-A694-29B586502E57}.Release|x86.Build.0 = Release|Any CPU
		{CD1C31E1-DBE2-4D60-B63C-2B0E56422FB5}.Debug|Any CPU.ActiveCfg = Debug|Any CPU
		{CD1C31E1-DBE2-4D60-B63C-2B0E56422FB5}.Debug|Any CPU.Build.0 = Debug|Any CPU
		{CD1C31E1-DBE2-4D60-B63C-2B0E56422FB5}.Debug|x64.ActiveCfg = Debug|Any CPU
		{CD1C31E1-DBE2-4D60-B63C-2B0E56422FB5}.Debug|x64.Build.0 = Debug|Any CPU
		{CD1C31E1-DBE2-4D60-B63C-2B0E56422FB5}.Debug|x86.ActiveCfg = Debug|Any CPU
		{CD1C31E1-DBE2-4D60-B63C-2B0E56422FB5}.Debug|x86.Build.0 = Debug|Any CPU
		{CD1C31E1-DBE2-4D60-B63C-2B0E56422FB5}.Release|Any CPU.ActiveCfg = Release|Any CPU
		{CD1C31E1-DBE2-4D60-B63C-2B0E56422FB5}.Release|Any CPU.Build.0 = Release|Any CPU
		{CD1C31E1-DBE2-4D60-B63C-2B0E56422FB5}.Release|x64.ActiveCfg = Release|Any CPU
		{CD1C31E1-DBE2-4D60-B63C-2B0E56422FB5}.Release|x64.Build.0 = Release|Any CPU
		{CD1C31E1-DBE2-4D60-B63C-2B0E56422FB5}.Release|x86.ActiveCfg = Release|Any CPU
		{CD1C31E1-DBE2-4D60-B63C-2B0E56422FB5}.Release|x86.Build.0 = Release|Any CPU
		{B93F2EE9-06E8-4027-ABA3-6F2F4BA11F62}.Debug|Any CPU.ActiveCfg = Debug|Any CPU
		{B93F2EE9-06E8-4027-ABA3-6F2F4BA11F62}.Debug|Any CPU.Build.0 = Debug|Any CPU
		{B93F2EE9-06E8-4027-ABA3-6F2F4BA11F62}.Debug|x64.ActiveCfg = Debug|Any CPU
		{B93F2EE9-06E8-4027-ABA3-6F2F4BA11F62}.Debug|x64.Build.0 = Debug|Any CPU
		{B93F2EE9-06E8-4027-ABA3-6F2F4BA11F62}.Debug|x86.ActiveCfg = Debug|Any CPU
		{B93F2EE9-06E8-4027-ABA3-6F2F4BA11F62}.Debug|x86.Build.0 = Debug|Any CPU
		{B93F2EE9-06E8-4027-ABA3-6F2F4BA11F62}.Release|Any CPU.ActiveCfg = Release|Any CPU
		{B93F2EE9-06E8-4027-ABA3-6F2F4BA11F62}.Release|Any CPU.Build.0 = Release|Any CPU
		{B93F2EE9-06E8-4027-ABA3-6F2F4BA11F62}.Release|x64.ActiveCfg = Release|Any CPU
		{B93F2EE9-06E8-4027-ABA3-6F2F4BA11F62}.Release|x64.Build.0 = Release|Any CPU
		{B93F2EE9-06E8-4027-ABA3-6F2F4BA11F62}.Release|x86.ActiveCfg = Release|Any CPU
		{B93F2EE9-06E8-4027-ABA3-6F2F4BA11F62}.Release|x86.Build.0 = Release|Any CPU
		{EEA76D2F-B3C8-4DE0-8B07-CE3C728A4BED}.Debug|Any CPU.ActiveCfg = Debug|Any CPU
		{EEA76D2F-B3C8-4DE0-8B07-CE3C728A4BED}.Debug|Any CPU.Build.0 = Debug|Any CPU
	EndGlobalSection
	GlobalSection(NestedProjects) = preSolution
		{B9F66CEF-403C-4A13-BEB9-40CA1DB91909} = {E692D9FF-B199-4D8F-AFEE-64754E7ED8CF}
		{FA50AB09-6DC5-4BF9-9CB1-86385B9FC379} = {E692D9FF-B199-4D8F-AFEE-64754E7ED8CF}
		{519EE645-8AE7-4D83-9C40-26B4832C59EA} = {E692D9FF-B199-4D8F-AFEE-64754E7ED8CF}
		{8F4000C8-CE14-4578-9161-A4601EE33C28} = {178E65EE-FFA5-4330-B615-E19212B65FBF}
		{525500CF-D5E2-4173-A694-29B586502E57} = {178E65EE-FFA5-4330-B615-E19212B65FBF}
		{CD1C31E1-DBE2-4D60-B63C-2B0E56422FB5} = {178E65EE-FFA5-4330-B615-E19212B65FBF}
		{B93F2EE9-06E8-4027-ABA3-6F2F4BA11F62} = {178E65EE-FFA5-4330-B615-E19212B65FBF}
		{EEA76D2F-B3C8-4DE0-8B07-CE3C728A4BED} = {E692D9FF-B199-4D8F-AFEE-64754E7ED8CF}
	EndGlobalSection
EndGlobal
